
Microsoft Visual Studio Solution File, Format Version 12.00
# Visual Studio Version 16
VisualStudioVersion = 16.0.31205.134
MinimumVisualStudioVersion = 10.0.40219.1
Project("{FAE04EC0-301F-11D3-BF4B-00C04F79EFBC}") = "UtilHelperLib", "UtilHelperLib.csproj", "{5FCCAB73-C94C-47A8-9706-A3315FAF07AB}"
EndProject
Global
	GlobalSection(SolutionConfigurationPlatforms) = preSolution
		Debug|Any CPU = Debug|Any CPU
		Release|Any CPU = Release|Any CPU
	EndGlobalSection
	GlobalSection(ProjectConfigurationPlatforms) = postSolution
		{5FCCAB73-C94C-47A8-9706-A3315FAF07AB}.Debug|Any CPU.ActiveCfg = Debug|Any CPU
		{5FCCAB73-C94C-47A8-9706-A3315FAF07AB}.Debug|Any CPU.Build.0 = Debug|Any CPU
		{5FCCAB73-C94C-47A8-9706-A3315FAF07AB}.Release|Any CPU.ActiveCfg = Release|Any CPU
		{5FCCAB73-C94C-47A8-9706-A3315FAF07AB}.Release|Any CPU.Build.0 = Release|Any CPU
	EndGlobalSection
	GlobalSection(SolutionProperties) = preSolution
		HideSolutionNode = FALSE
	EndGlobalSection
	GlobalSection(ExtensibilityGlobals) = postSolution
		SolutionGuid = {CB22A22D-5CBB-461B-A8FC-6530FCE7A6CF}
	EndGlobalSection
EndGlobal
